Microsoft Visual Studio Solution File, Format Version 12.00
# Visual Studio Version 17
VisualStudioVersion = 17.5.2.0
MinimumVisualStudioVersion = 10.0.40219.1
Project("{FAE04EC0-301F-11D3-BF4B-00C04F79EFBC}") = "Multiplying", "Multiplying\Multiplying.csproj", "{C596988F-B258-E0A2-29E8-7F27A47E2212}"
EndProject
Global
	GlobalSection(SolutionConfigurationPlatforms) = preSolution
		Debug|Any CPU = Debug|Any CPU
		Release|Any CPU = Release|Any CPU
	EndGlobalSection
	GlobalSection(ProjectConfigurationPlatforms) = postSolution
		{C596988F-B258-E0A2-29E8-7F27A47E2212}.Debug|Any CPU.ActiveCfg = Debug|Any CPU
		{C596988F-B258-E0A2-29E8-7F27A47E2212}.Debug|Any CPU.Build.0 = Debug|Any CPU
		{C596988F-B258-E0A2-29E8-7F27A47E2212}.Release|Any CPU.ActiveCfg = Release|Any CPU
		{C596988F-B258-E0A2-29E8-7F27A47E2212}.Release|Any CPU.Build.0 = Release|Any CPU
	EndGlobalSection
	GlobalSection(SolutionProperties) = preSolution
		HideSolutionNode = FALSE
	EndGlobalSection
	GlobalSection(ExtensibilityGlobals) = postSolution
		SolutionGuid = {1DBB29B7-C1F3-496C-B368-6C76760D62CE}
	EndGlobalSection
EndGlobal
